# THIS IS AN AUTOGENERATED FILE. DO NOT EDIT THIS FILE DIRECTLY.
# yarn lockfile v1


angular@1.7.0:
  version "1.7.0"
  resolved "https://registry.yarnpkg.com/angular/-/angular-1.7.0.tgz#e45d679fc8d81040a4894c7ccc16a4e1ad0a9ca6"

cds-parsers@0.1.55-0:
  version "0.1.55-0"
  resolved "https://registry.yarnpkg.com/cds-parsers/-/cds-parsers-0.1.55-0.tgz#93736a0ab4752da59589f22022e32c78cd28c4ab"

jquery-ui@1.12.1:
  version "1.12.1"
  resolved "https://registry.yarnpkg.com/jquery-ui/-/jquery-ui-1.12.1.tgz#bcb4045c8dd0539c134bc1488cdd3e768a7a9e51"

jquery@3.3.1:
  version "3.3.1"
  resolved "https://registry.yarnpkg.com/jquery/-/jquery-3.3.1.tgz#958ce29e81c9790f31be7792df5d4d95fc57fbca"
